
Microsoft Visual Studio Solution File, Format Version 12.00
# Visual Studio Version 17
VisualStudioVersion = 17.5.002.0
MinimumVisualStudioVersion = 10.0.40219.1
Project("{9A19103F-16F7-4668-BE54-9A1E7A4F7556}") = "Aula8", "Aula8.csproj", "{77A9B755-2D03-4DE8-ACAE-32700DA1EE2B}"
EndProject
Global
	GlobalSection(SolutionConfigurationPlatforms) = preSolution
		Debug|Any CPU = Debug|Any CPU
		Release|Any CPU = Release|Any CPU
	EndGlobalSection
	GlobalSection(ProjectConfigurationPlatforms) = postSolution
		{77A9B755-2D03-4DE8-ACAE-32700DA1EE2B}.Debug|Any CPU.ActiveCfg = Debug|Any CPU
		{77A9B755-2D03-4DE8-ACAE-32700DA1EE2B}.Debug|Any CPU.Build.0 = Debug|Any CPU
		{77A9B755-2D03-4DE8-ACAE-32700DA1EE2B}.Release|Any CPU.ActiveCfg = Release|Any CPU
		{77A9B755-2D03-4DE8-ACAE-32700DA1EE2B}.Release|Any CPU.Build.0 = Release|Any CPU
	EndGlobalSection
	GlobalSection(SolutionProperties) = preSolution
		HideSolutionNode = FALSE
	EndGlobalSection
	GlobalSection(ExtensibilityGlobals) = postSolution
		SolutionGuid = {48D1E202-8A60-4479-BCE2-4321DD1E00B4}
	EndGlobalSection
EndGlobal
