
Microsoft Visual Studio Solution File, Format Version 12.00
# Visual Studio Version 17
VisualStudioVersion = 17.5.002.0
MinimumVisualStudioVersion = 10.0.40219.1
Project("{9A19103F-16F7-4668-BE54-9A1E7A4F7556}") = "Aula10", "Aula10.csproj", "{472ACD56-5738-4053-8248-81CF1862AB16}"
EndProject
Global
	GlobalSection(SolutionConfigurationPlatforms) = preSolution
		Debug|Any CPU = Debug|Any CPU
		Release|Any CPU = Release|Any CPU
	EndGlobalSection
	GlobalSection(ProjectConfigurationPlatforms) = postSolution
		{472ACD56-5738-4053-8248-81CF1862AB16}.Debug|Any CPU.ActiveCfg = Debug|Any CPU
		{472ACD56-5738-4053-8248-81CF1862AB16}.Debug|Any CPU.Build.0 = Debug|Any CPU
		{472ACD56-5738-4053-8248-81CF1862AB16}.Release|Any CPU.ActiveCfg = Release|Any CPU
		{472ACD56-5738-4053-8248-81CF1862AB16}.Release|Any CPU.Build.0 = Release|Any CPU
	EndGlobalSection
	GlobalSection(SolutionProperties) = preSolution
		HideSolutionNode = FALSE
	EndGlobalSection
	GlobalSection(ExtensibilityGlobals) = postSolution
		SolutionGuid = {D9667F9D-D679-416C-BAB5-7E99D6C095B4}
	EndGlobalSection
EndGlobal
