
Microsoft Visual Studio Solution File, Format Version 12.00
# Visual Studio Version 17
VisualStudioVersion = 17.5.002.0
MinimumVisualStudioVersion = 10.0.40219.1
Project("{9A19103F-16F7-4668-BE54-9A1E7A4F7556}") = "Atividade3", "Atividade3.csproj", "{9D55BAA4-FBB4-4574-8608-7D49AC9314A8}"
EndProject
Global
	GlobalSection(SolutionConfigurationPlatforms) = preSolution
		Debug|Any CPU = Debug|Any CPU
		Release|Any CPU = Release|Any CPU
	EndGlobalSection
	GlobalSection(ProjectConfigurationPlatforms) = postSolution
		{9D55BAA4-FBB4-4574-8608-7D49AC9314A8}.Debug|Any CPU.ActiveCfg = Debug|Any CPU
		{9D55BAA4-FBB4-4574-8608-7D49AC9314A8}.Debug|Any CPU.Build.0 = Debug|Any CPU
		{9D55BAA4-FBB4-4574-8608-7D49AC9314A8}.Release|Any CPU.ActiveCfg = Release|Any CPU
		{9D55BAA4-FBB4-4574-8608-7D49AC9314A8}.Release|Any CPU.Build.0 = Release|Any CPU
	EndGlobalSection
	GlobalSection(SolutionProperties) = preSolution
		HideSolutionNode = FALSE
	EndGlobalSection
	GlobalSection(ExtensibilityGlobals) = postSolution
		SolutionGuid = {576A70DD-24B7-49C8-9153-2931E9B7512E}
	EndGlobalSection
EndGlobal
