
Microsoft Visual Studio Solution File, Format Version 12.00
# Visual Studio Version 17
VisualStudioVersion = 17.5.002.0
MinimumVisualStudioVersion = 10.0.40219.1
Project("{2150E333-8FDC-42A3-9474-1A3956D46DE8}") = "Lista1", "Lista1", "{1F493A1E-CE5F-44B1-9F8C-B101F15C1550}"
EndProject
Project("{9A19103F-16F7-4668-BE54-9A1E7A4F7556}") = "Exercicio1", "Lista1\Exercicio1\Exercicio1.csproj", "{C924E8A6-0E63-4CE7-ADE9-AF90FD749331}"
EndProject
Global
	GlobalSection(SolutionConfigurationPlatforms) = preSolution
		Debug|Any CPU = Debug|Any CPU
		Release|Any CPU = Release|Any CPU
	EndGlobalSection
	GlobalSection(ProjectConfigurationPlatforms) = postSolution
		{C924E8A6-0E63-4CE7-ADE9-AF90FD749331}.Debug|Any CPU.ActiveCfg = Debug|Any CPU
		{C924E8A6-0E63-4CE7-ADE9-AF90FD749331}.Debug|Any CPU.Build.0 = Debug|Any CPU
		{C924E8A6-0E63-4CE7-ADE9-AF90FD749331}.Release|Any CPU.ActiveCfg = Release|Any CPU
		{C924E8A6-0E63-4CE7-ADE9-AF90FD749331}.Release|Any CPU.Build.0 = Release|Any CPU
	EndGlobalSection
	GlobalSection(SolutionProperties) = preSolution
		HideSolutionNode = FALSE
	EndGlobalSection
	GlobalSection(NestedProjects) = preSolution
		{C924E8A6-0E63-4CE7-ADE9-AF90FD749331} = {1F493A1E-CE5F-44B1-9F8C-B101F15C1550}
	EndGlobalSection
	GlobalSection(ExtensibilityGlobals) = postSolution
		SolutionGuid = {554D73F2-7EB7-4A4C-9D58-E7367C941140}
	EndGlobalSection
EndGlobal
