
Microsoft Visual Studio Solution File, Format Version 12.00
# Visual Studio Version 17
VisualStudioVersion = 17.5.002.0
MinimumVisualStudioVersion = 10.0.40219.1
Project("{9A19103F-16F7-4668-BE54-9A1E7A4F7556}") = "Aula9", "Aula9.csproj", "{11CDBB96-3C2E-41CB-9EEA-29D4B264F02D}"
EndProject
Global
	GlobalSection(SolutionConfigurationPlatforms) = preSolution
		Debug|Any CPU = Debug|Any CPU
		Release|Any CPU = Release|Any CPU
	EndGlobalSection
	GlobalSection(ProjectConfigurationPlatforms) = postSolution
		{11CDBB96-3C2E-41CB-9EEA-29D4B264F02D}.Debug|Any CPU.ActiveCfg = Debug|Any CPU
		{11CDBB96-3C2E-41CB-9EEA-29D4B264F02D}.Debug|Any CPU.Build.0 = Debug|Any CPU
		{11CDBB96-3C2E-41CB-9EEA-29D4B264F02D}.Release|Any CPU.ActiveCfg = Release|Any CPU
		{11CDBB96-3C2E-41CB-9EEA-29D4B264F02D}.Release|Any CPU.Build.0 = Release|Any CPU
	EndGlobalSection
	GlobalSection(SolutionProperties) = preSolution
		HideSolutionNode = FALSE
	EndGlobalSection
	GlobalSection(ExtensibilityGlobals) = postSolution
		SolutionGuid = {09F4D202-90E0-4C1C-8135-C0F20CCB47E5}
	EndGlobalSection
EndGlobal
