
Microsoft Visual Studio Solution File, Format Version 12.00
# Visual Studio Version 17
VisualStudioVersion = 17.5.002.0
MinimumVisualStudioVersion = 10.0.40219.1
Project("{9A19103F-16F7-4668-BE54-9A1E7A4F7556}") = "Exercicio4", "Exercicio4.csproj", "{B653F6BA-1016-48B0-8416-D21B1D25E828}"
EndProject
Global
	GlobalSection(SolutionConfigurationPlatforms) = preSolution
		Debug|Any CPU = Debug|Any CPU
		Release|Any CPU = Release|Any CPU
	EndGlobalSection
	GlobalSection(ProjectConfigurationPlatforms) = postSolution
		{B653F6BA-1016-48B0-8416-D21B1D25E828}.Debug|Any CPU.ActiveCfg = Debug|Any CPU
		{B653F6BA-1016-48B0-8416-D21B1D25E828}.Debug|Any CPU.Build.0 = Debug|Any CPU
		{B653F6BA-1016-48B0-8416-D21B1D25E828}.Release|Any CPU.ActiveCfg = Release|Any CPU
		{B653F6BA-1016-48B0-8416-D21B1D25E828}.Release|Any CPU.Build.0 = Release|Any CPU
	EndGlobalSection
	GlobalSection(SolutionProperties) = preSolution
		HideSolutionNode = FALSE
	EndGlobalSection
	GlobalSection(ExtensibilityGlobals) = postSolution
		SolutionGuid = {8E209A5A-AD2D-4EBE-B115-EFD002292F09}
	EndGlobalSection
EndGlobal
