
Microsoft Visual Studio Solution File, Format Version 12.00
# Visual Studio Version 17
VisualStudioVersion = 17.5.002.0
MinimumVisualStudioVersion = 10.0.40219.1
Project("{9A19103F-16F7-4668-BE54-9A1E7A4F7556}") = "Exercicio6", "Exercicio6.csproj", "{B8187917-C9FD-432B-A55D-84F9BF2D001A}"
EndProject
Global
	GlobalSection(SolutionConfigurationPlatforms) = preSolution
		Debug|Any CPU = Debug|Any CPU
		Release|Any CPU = Release|Any CPU
	EndGlobalSection
	GlobalSection(ProjectConfigurationPlatforms) = postSolution
		{B8187917-C9FD-432B-A55D-84F9BF2D001A}.Debug|Any CPU.ActiveCfg = Debug|Any CPU
		{B8187917-C9FD-432B-A55D-84F9BF2D001A}.Debug|Any CPU.Build.0 = Debug|Any CPU
		{B8187917-C9FD-432B-A55D-84F9BF2D001A}.Release|Any CPU.ActiveCfg = Release|Any CPU
		{B8187917-C9FD-432B-A55D-84F9BF2D001A}.Release|Any CPU.Build.0 = Release|Any CPU
	EndGlobalSection
	GlobalSection(SolutionProperties) = preSolution
		HideSolutionNode = FALSE
	EndGlobalSection
	GlobalSection(ExtensibilityGlobals) = postSolution
		SolutionGuid = {A8F43484-C8EE-451B-95FE-5010AC993D5B}
	EndGlobalSection
EndGlobal
